
Microsoft Visual Studio Solution File, Format Version 12.00
# Visual Studio Version 17
VisualStudioVersion = 17.12.35506.116 d17.12
MinimumVisualStudioVersion = 10.0.40219.1
Project("{9092AA53-FB77-4645-B42D-1CCCA6BD08BD}") = "Lab7", "Lab7\Lab7.njsproj", "{159CADD1-D33F-4CB6-8340-4179A38CE065}"
EndProject
Global
	GlobalSection(SolutionConfigurationPlatforms) = preSolution
		Debug|Any CPU = Debug|Any CPU
		Release|Any CPU = Release|Any CPU
	EndGlobalSection
	GlobalSection(ProjectConfigurationPlatforms) = postSolution
		{159CADD1-D33F-4CB6-8340-4179A38CE065}.Debug|Any CPU.ActiveCfg = Debug|Any CPU
		{159CADD1-D33F-4CB6-8340-4179A38CE065}.Debug|Any CPU.Build.0 = Debug|Any CPU
		{159CADD1-D33F-4CB6-8340-4179A38CE065}.Release|Any CPU.ActiveCfg = Release|Any CPU
		{159CADD1-D33F-4CB6-8340-4179A38CE065}.Release|Any CPU.Build.0 = Release|Any CPU
	EndGlobalSection
	GlobalSection(SolutionProperties) = preSolution
		HideSolutionNode = FALSE
	EndGlobalSection
EndGlobal
